// !$*UTF8*$!
{
	archiveVersion = 1;
	classes = {
	};
	objectVersion = 63;
	objects = {

/* Begin PBXBuildFile section */
		C61174FC2B287BCD0096FB5F /* HWYUApp.swift in Sources */ = {isa = PBXBuildFile; fileRef = C61174FB2B287BCD0096FB5F /* HWYUApp.swift */; };
		C61174FE2B287BCD0096FB5F /* ContentView.swift in Sources */ = {isa = PBXBuildFile; fileRef = C61174FD2B287BCD0096FB5F /* ContentView.swift */; };
		C61175002B287BCE0096FB5F /* Assets.xcassets in Resources */ = {isa = PBXBuildFile; fileRef = C61174FF2B287BCE0096FB5F /* Assets.xcassets */; };
		C61175032B287BCE0096FB5F /* Preview Assets.xcassets in Resources */ = {isa = PBXBuildFile; fileRef = C61175022B287BCE0096FB5F /* Preview Assets.xcassets */; };
		C6167BBC2B29FBEF00A611E4 /* WidgetKit.framework in Frameworks */ = {isa = PBXBuildFile; fileRef = C6167BBB2B29FBEE00A611E4 /* WidgetKit.framework */; };
		C6167BBE2B29FBEF00A611E4 /* SwiftUI.framework in Frameworks */ = {isa = PBXBuildFile; fileRef = C6167BBD2B29FBEF00A611E4 /* SwiftUI.framework */; };
		C6167BC12B29FBEF00A611E4 /* HWYU_WidgetBundle.swift in Sources */ = {isa = PBXBuildFile; fileRef = C6167BC02B29FBEF00A611E4 /* HWYU_WidgetBundle.swift */; };
		C6167BC32B29FBEF00A611E4 /* HWYU_WidgetLiveActivity.swift in Sources */ = {isa = PBXBuildFile; fileRef = C6167BC22B29FBEF00A611E4 /* HWYU_WidgetLiveActivity.swift */; };
		C6167BC52B29FBEF00A611E4 /* HWYU_Widget.swift in Sources */ = {isa = PBXBuildFile; fileRef = C6167BC42B29FBEF00A611E4 /* HWYU_Widget.swift */; };
		C6167BC72B29FBEF00A611E4 /* AppIntent.swift in Sources */ = {isa = PBXBuildFile; fileRef = C6167BC62B29FBEF00A611E4 /* AppIntent.swift */; };
		C6167BC92B29FBF100A611E4 /* Assets.xcassets in Resources */ = {isa = PBXBuildFile; fileRef = C6167BC82B29FBF100A611E4 /* Assets.xcassets */; };
		C6167BCD2B29FBF100A611E4 /* HWYU_WidgetExtension.appex in Embed Foundation Extensions */ = {isa = PBXBuildFile; fileRef = C6167BB92B29FBEE00A611E4 /* HWYU_WidgetExtension.appex */; settings = {ATTRIBUTES = (RemoveHeadersOnCopy, ); }; };
		C69AB7132BEB019400BF3E8B /* Ment.swift in Sources */ = {isa = PBXBuildFile; fileRef = C69AB7122BEB019400BF3E8B /* Ment.swift */; };
		C69AB7152BEB01CB00BF3E8B /* MentService.swift in Sources */ = {isa = PBXBuildFile; fileRef = C69AB7142BEB01CB00BF3E8B /* MentService.swift */; };
		C6EFA8052BE8D42000AA4686 /* TAEBAEK milkyway.otf in Resources */ = {isa = PBXBuildFile; fileRef = C6EFA8042BE8D40C00AA4686 /* TAEBAEK milkyway.otf */; };
		C6EFA8062BE8D42100AA4686 /* TAEBAEK milkyway.otf in Resources */ = {isa = PBXBuildFile; fileRef = C6EFA8042BE8D40C00AA4686 /* TAEBAEK milkyway.otf */; };
		C6EFA8142BE8D77500AA4686 /* SCDream1.otf in Resources */ = {isa = PBXBuildFile; fileRef = C6EFA8092BE8D77400AA4686 /* SCDream1.otf */; };
		C6EFA8152BE8D77500AA4686 /* SCDream2.otf in Resources */ = {isa = PBXBuildFile; fileRef = C6EFA80A2BE8D77400AA4686 /* SCDream2.otf */; };
		C6EFA8162BE8D77500AA4686 /* SCDream3.otf in Resources */ = {isa = PBXBuildFile; fileRef = C6EFA80B2BE8D77400AA4686 /* SCDream3.otf */; };
		C6EFA8172BE8D77500AA4686 /* SCDream4.otf in Resources */ = {isa = PBXBuildFile; fileRef = C6EFA80C2BE8D77400AA4686 /* SCDream4.otf */; };
		C6EFA8182BE8D77500AA4686 /* SCDream5.otf in Resources */ = {isa = PBXBuildFile; fileRef = C6EFA80D2BE8D77400AA4686 /* SCDream5.otf */; };
		C6EFA8192BE8D77500AA4686 /* SCDream6.otf in Resources */ = {isa = PBXBuildFile; fileRef = C6EFA80E2BE8D77400AA4686 /* SCDream6.otf */; };
		C6EFA81A2BE8D77500AA4686 /* SCDream7.otf in Resources */ = {isa = PBXBuildFile; fileRef = C6EFA80F2BE8D77400AA4686 /* SCDream7.otf */; };
		C6EFA81B2BE8D77500AA4686 /* SCDream8.otf in Resources */ = {isa = PBXBuildFile; fileRef = C6EFA8102BE8D77400AA4686 /* SCDream8.otf */; };
		C6EFA81C2BE8D77500AA4686 /* SCDream9.otf in Resources */ = {isa = PBXBuildFile; fileRef = C6EFA8112BE8D77400AA4686 /* SCDream9.otf */; };
		C6F394A42BEB729900087C4E /* GoogleService-Info.plist in Resources */ = {isa = PBXBuildFile; fileRef = C6F394A32BEB729900087C4E /* GoogleService-Info.plist */; };
		C6FB401B2B48E40A001FBA6D /* FirebaseDatabase in Frameworks */ = {isa = PBXBuildFile; productRef = C6FB401A2B48E40A001FBA6D /* FirebaseDatabase */; };
		C6FB401D2B48E40A001FBA6D /* FirebaseFirestore in Frameworks */ = {isa = PBXBuildFile; productRef = C6FB401C2B48E40A001FBA6D /* FirebaseFirestore */; };
		C6FB40222B48E866001FBA6D /* DDayView.swift in Sources */ = {isa = PBXBuildFile; fileRef = C6FB40212B48E866001FBA6D /* DDayView.swift */; };
		C6FB40262B490710001FBA6D /* FirebaseFunctions in Frameworks */ = {isa = PBXBuildFile; productRef = C6FB40252B490710001FBA6D /* FirebaseFunctions */; };
/* End PBXBuildFile section */

/* Begin PBXContainerItemProxy section */
		C6167BCB2B29FBF100A611E4 /* PBXContainerItemProxy */ = {
			isa = PBXContainerItemProxy;
			containerPortal = C61174F02B287BCD0096FB5F /* Project object */;
			proxyType = 1;
			remoteGlobalIDString = C6167BB82B29FBEE00A611E4;
			remoteInfo = HWYU_WidgetExtension;
		};
/* End PBXContainerItemProxy section */

/* Begin PBXCopyFilesBuildPhase section */
		C6167BCE2B29FBF100A611E4 /* Embed Foundation Extensions */ = {
			isa = PBXCopyFilesBuildPhase;
			buildActionMask = 2147483647;
			dstPath = "";
			dstSubfolderSpec = 13;
			files = (
				C6167BCD2B29FBF100A611E4 /* HWYU_WidgetExtension.appex in Embed Foundation Extensions */,
			);
			name = "Embed Foundation Extensions";
			runOnlyForDeploymentPostprocessing = 0;
		};
/* End PBXCopyFilesBuildPhase section */

/* Begin PBXFileReference section */
		C61174F82B287BCD0096FB5F /* HWYU.app */ = {isa = PBXFileReference; explicitFileType = wrapper.application; includeInIndex = 0; path = HWYU.app; sourceTree = BUILT_PRODUCTS_DIR; };
		C61174FB2B287BCD0096FB5F /* HWYUApp.swift */ = {isa = PBXFileReference; lastKnownFileType = sourcecode.swift; path = HWYUApp.swift; sourceTree = "<group>"; };
		C61174FD2B287BCD0096FB5F /* ContentView.swift */ = {isa = PBXFileReference; lastKnownFileType = sourcecode.swift; path = ContentView.swift; sourceTree = "<group>"; };
		C61174FF2B287BCE0096FB5F /* Assets.xcassets */ = {isa = PBXFileReference; lastKnownFileType = folder.assetcatalog; path = Assets.xcassets; sourceTree = "<group>"; };
		C61175022B287BCE0096FB5F /* Preview Assets.xcassets */ = {isa = PBXFileReference; lastKnownFileType = folder.assetcatalog; path = "Preview Assets.xcassets"; sourceTree = "<group>"; };
		C6167BB92B29FBEE00A611E4 /* HWYU_WidgetExtension.appex */ = {isa = PBXFileReference; explicitFileType = "wrapper.app-extension"; includeInIndex = 0; path = HWYU_WidgetExtension.appex; sourceTree = BUILT_PRODUCTS_DIR; };
		C6167BBB2B29FBEE00A611E4 /* WidgetKit.framework */ = {isa = PBXFileReference; lastKnownFileType = wrapper.framework; name = WidgetKit.framework; path = System/Library/Frameworks/WidgetKit.framework; sourceTree = SDKROOT; };
		C6167BBD2B29FBEF00A611E4 /* SwiftUI.framework */ = {isa = PBXFileReference; lastKnownFileType = wrapper.framework; name = SwiftUI.framework; path = System/Library/Frameworks/SwiftUI.framework; sourceTree = SDKROOT; };
		C6167BC02B29FBEF00A611E4 /* HWYU_WidgetBundle.swift */ = {isa = PBXFileReference; lastKnownFileType = sourcecode.swift; path = HWYU_WidgetBundle.swift; sourceTree = "<group>"; };
		C6167BC22B29FBEF00A611E4 /* HWYU_WidgetLiveActivity.swift */ = {isa = PBXFileReference; lastKnownFileType = sourcecode.swift; path = HWYU_WidgetLiveActivity.swift; sourceTree = "<group>"; };
		C6167BC42B29FBEF00A611E4 /* HWYU_Widget.swift */ = {isa = PBXFileReference; lastKnownFileType = sourcecode.swift; path = HWYU_Widget.swift; sourceTree = "<group>"; };
		C6167BC62B29FBEF00A611E4 /* AppIntent.swift */ = {isa = PBXFileReference; lastKnownFileType = sourcecode.swift; path = AppIntent.swift; sourceTree = "<group>"; };
		C6167BC82B29FBF100A611E4 /* Assets.xcassets */ = {isa = PBXFileReference; lastKnownFileType = folder.assetcatalog; path = Assets.xcassets; sourceTree = "<group>"; };
		C6167BCA2B29FBF100A611E4 /* Info.plist */ = {isa = PBXFileReference; lastKnownFileType = text.plist.xml; path = Info.plist; sourceTree = "<group>"; };
		C69AB7122BEB019400BF3E8B /* Ment.swift */ = {isa = PBXFileReference; lastKnownFileType = sourcecode.swift; path = Ment.swift; sourceTree = "<group>"; };
		C69AB7142BEB01CB00BF3E8B /* MentService.swift */ = {isa = PBXFileReference; lastKnownFileType = sourcecode.swift; path = MentService.swift; sourceTree = "<group>"; };
		C6EFA8042BE8D40C00AA4686 /* TAEBAEK milkyway.otf */ = {isa = PBXFileReference; lastKnownFileType = file; name = "TAEBAEK milkyway.otf"; path = "../../../../../Downloads/TAEBAEK milkyway.otf"; sourceTree = "<group>"; };
		C6EFA8072BE8D53D00AA4686 /* Info.plist */ = {isa = PBXFileReference; lastKnownFileType = text.plist; path = Info.plist; sourceTree = "<group>"; };
		C6EFA8092BE8D77400AA4686 /* SCDream1.otf */ = {isa = PBXFileReference; lastKnownFileType = file; path = SCDream1.otf; sourceTree = "<group>"; };
		C6EFA80A2BE8D77400AA4686 /* SCDream2.otf */ = {isa = PBXFileReference; lastKnownFileType = file; path = SCDream2.otf; sourceTree = "<group>"; };
		C6EFA80B2BE8D77400AA4686 /* SCDream3.otf */ = {isa = PBXFileReference; lastKnownFileType = file; path = SCDream3.otf; sourceTree = "<group>"; };
		C6EFA80C2BE8D77400AA4686 /* SCDream4.otf */ = {isa = PBXFileReference; lastKnownFileType = file; path = SCDream4.otf; sourceTree = "<group>"; };
		C6EFA80D2BE8D77400AA4686 /* SCDream5.otf */ = {isa = PBXFileReference; lastKnownFileType = file; path = SCDream5.otf; sourceTree = "<group>"; };
		C6EFA80E2BE8D77400AA4686 /* SCDream6.otf */ = {isa = PBXFileReference; lastKnownFileType = file; path = SCDream6.otf; sourceTree = "<group>"; };
		C6EFA80F2BE8D77400AA4686 /* SCDream7.otf */ = {isa = PBXFileReference; lastKnownFileType = file; path = SCDream7.otf; sourceTree = "<group>"; };
		C6EFA8102BE8D77400AA4686 /* SCDream8.otf */ = {isa = PBXFileReference; lastKnownFileType = file; path = SCDream8.otf; sourceTree = "<group>"; };
		C6EFA8112BE8D77400AA4686 /* SCDream9.otf */ = {isa = PBXFileReference; lastKnownFileType = file; path = SCDream9.otf; sourceTree = "<group>"; };
		C6F394A32BEB729900087C4E /* GoogleService-Info.plist */ = {isa = PBXFileReference; fileEncoding = 4; lastKnownFileType = text.plist.xml; name = "GoogleService-Info.plist"; path = "../../GoogleService-Info.plist"; sourceTree = "<group>"; };
		C6FB40212B48E866001FBA6D /* DDayView.swift */ = {isa = PBXFileReference; lastKnownFileType = sourcecode.swift; path = DDayView.swift; sourceTree = "<group>"; };
/* End PBXFileReference section */

/* Begin PBXFrameworksBuildPhase section */
		C61174F52B287BCD0096FB5F /* Frameworks */ = {
			isa = PBXFrameworksBuildPhase;
			buildActionMask = 2147483647;
			files = (
				C6FB401D2B48E40A001FBA6D /* FirebaseFirestore in Frameworks */,
				C6FB401B2B48E40A001FBA6D /* FirebaseDatabase in Frameworks */,
				C6FB40262B490710001FBA6D /* FirebaseFunctions in Frameworks */,
			);
			runOnlyForDeploymentPostprocessing = 0;
		};
		C6167BB62B29FBEE00A611E4 /* Frameworks */ = {
			isa = PBXFrameworksBuildPhase;
			buildActionMask = 2147483647;
			files = (
				C6167BBE2B29FBEF00A611E4 /* SwiftUI.framework in Frameworks */,
				C6167BBC2B29FBEF00A611E4 /* WidgetKit.framework in Frameworks */,
			);
			runOnlyForDeploymentPostprocessing = 0;
		};
/* End PBXFrameworksBuildPhase section */

/* Begin PBXGroup section */
		C61174EF2B287BCD0096FB5F = {
			isa = PBXGroup;
			children = (
				C61174FA2B287BCD0096FB5F /* HWYU */,
				C6167BBF2B29FBEF00A611E4 /* HWYU_Widget */,
				C6167BBA2B29FBEE00A611E4 /* Frameworks */,
				C61174F92B287BCD0096FB5F /* Products */,
			);
			sourceTree = "<group>";
		};
		C61174F92B287BCD0096FB5F /* Products */ = {
			isa = PBXGroup;
			children = (
				C61174F82B287BCD0096FB5F /* HWYU.app */,
				C6167BB92B29FBEE00A611E4 /* HWYU_WidgetExtension.appex */,
			);
			name = Products;
			sourceTree = "<group>";
		};
		C61174FA2B287BCD0096FB5F /* HWYU */ = {
			isa = PBXGroup;
			children = (
				C6EFA8072BE8D53D00AA4686 /* Info.plist */,
				C6EFA8032BE8D40200AA4686 /* Font */,
				C61174FB2B287BCD0096FB5F /* HWYUApp.swift */,
				C61174FD2B287BCD0096FB5F /* ContentView.swift */,
				C69AB7122BEB019400BF3E8B /* Ment.swift */,
				C69AB7142BEB01CB00BF3E8B /* MentService.swift */,
				C6FB40212B48E866001FBA6D /* DDayView.swift */,
				C6F394A32BEB729900087C4E /* GoogleService-Info.plist */,
				C61174FF2B287BCE0096FB5F /* Assets.xcassets */,
				C61175012B287BCE0096FB5F /* Preview Content */,
			);
			path = HWYU;
			sourceTree = "<group>";
		};
		C61175012B287BCE0096FB5F /* Preview Content */ = {
			isa = PBXGroup;
			children = (
				C61175022B287BCE0096FB5F /* Preview Assets.xcassets */,
			);
			path = "Preview Content";
			sourceTree = "<group>";
		};
		C6167BBA2B29FBEE00A611E4 /* Frameworks */ = {
			isa = PBXGroup;
			children = (
				C6167BBB2B29FBEE00A611E4 /* WidgetKit.framework */,
				C6167BBD2B29FBEF00A611E4 /* SwiftUI.framework */,
			);
			name = Frameworks;
			sourceTree = "<group>";
		};
		C6167BBF2B29FBEF00A611E4 /* HWYU_Widget */ = {
			isa = PBXGroup;
			children = (
				C6167BC02B29FBEF00A611E4 /* HWYU_WidgetBundle.swift */,
				C6167BC22B29FBEF00A611E4 /* HWYU_WidgetLiveActivity.swift */,
				C6167BC42B29FBEF00A611E4 /* HWYU_Widget.swift */,
				C6167BC62B29FBEF00A611E4 /* AppIntent.swift */,
				C6167BC82B29FBF100A611E4 /* Assets.xcassets */,
				C6167BCA2B29FBF100A611E4 /* Info.plist */,
			);
			path = HWYU_Widget;
			sourceTree = "<group>";
		};
		C6EFA8032BE8D40200AA4686 /* Font */ = {
			isa = PBXGroup;
			children = (
				C6EFA8122BE8D77400AA4686 /* S-Core_Dream_OTF */,
				C6EFA8042BE8D40C00AA4686 /* TAEBAEK milkyway.otf */,
			);
			path = Font;
			sourceTree = "<group>";
		};
		C6EFA8122BE8D77400AA4686 /* S-Core_Dream_OTF */ = {
			isa = PBXGroup;
			children = (
				C6EFA8092BE8D77400AA4686 /* SCDream1.otf */,
				C6EFA80A2BE8D77400AA4686 /* SCDream2.otf */,
				C6EFA80B2BE8D77400AA4686 /* SCDream3.otf */,
				C6EFA80C2BE8D77400AA4686 /* SCDream4.otf */,
				C6EFA80D2BE8D77400AA4686 /* SCDream5.otf */,
				C6EFA80E2BE8D77400AA4686 /* SCDream6.otf */,
				C6EFA80F2BE8D77400AA4686 /* SCDream7.otf */,
				C6EFA8102BE8D77400AA4686 /* SCDream8.otf */,
				C6EFA8112BE8D77400AA4686 /* SCDream9.otf */,
			);
			name = "S-Core_Dream_OTF";
			path = "../../../../../Downloads/S-Core_Dream_OTF";
			sourceTree = "<group>";
		};
/* End PBXGroup section */

/* Begin PBXNativeTarget section */
		C61174F72B287BCD0096FB5F /* HWYU */ = {
			isa = PBXNativeTarget;
			buildConfigurationList = C61175062B287BCE0096FB5F /* Build configuration list for PBXNativeTarget "HWYU" */;
			buildPhases = (
				C61174F42B287BCD0096FB5F /* Sources */,
				C61174F52B287BCD0096FB5F /* Frameworks */,
				C61174F62B287BCD0096FB5F /* Resources */,
				C6167BCE2B29FBF100A611E4 /* Embed Foundation Extensions */,
				C6F394A72BEBA5D700087C4E /* ShellScript */,
			);
			buildRules = (
			);
			dependencies = (
				C6167BCC2B29FBF100A611E4 /* PBXTargetDependency */,
			);
			name = HWYU;
			packageProductDependencies = (
				C6FB401A2B48E40A001FBA6D /* FirebaseDatabase */,
				C6FB401C2B48E40A001FBA6D /* FirebaseFirestore */,
				C6FB40252B490710001FBA6D /* FirebaseFunctions */,
			);
			productName = HWYU;
			productReference = C61174F82B287BCD0096FB5F /* HWYU.app */;
			productType = "com.apple.product-type.application";
		};
		C6167BB82B29FBEE00A611E4 /* HWYU_WidgetExtension */ = {
			isa = PBXNativeTarget;
			buildConfigurationList = C6167BD12B29FBF100A611E4 /* Build configuration list for PBXNativeTarget "HWYU_WidgetExtension" */;
			buildPhases = (
				C6167BB52B29FBEE00A611E4 /* Sources */,
				C6167BB62B29FBEE00A611E4 /* Frameworks */,
				C6167BB72B29FBEE00A611E4 /* Resources */,
			);
			buildRules = (
			);
			dependencies = (
			);
			name = HWYU_WidgetExtension;
			packageProductDependencies = (
			);
			productName = HWYU_WidgetExtension;
			productReference = C6167BB92B29FBEE00A611E4 /* HWYU_WidgetExtension.appex */;
			productType = "com.apple.product-type.app-extension";
		};
/* End PBXNativeTarget section */

/* Begin PBXProject section */
		C61174F02B287BCD0096FB5F /* Project object */ = {
			isa = PBXProject;
			attributes = {
				BuildIndependentTargetsInParallel = 1;
				LastSwiftUpdateCheck = 1500;
				LastUpgradeCheck = 1500;
				TargetAttributes = {
					C61174F72B287BCD0096FB5F = {
						CreatedOnToolsVersion = 15.0.1;
					};
					C6167BB82B29FBEE00A611E4 = {
						CreatedOnToolsVersion = 15.0.1;
					};
				};
			};
			buildConfigurationList = C61174F32B287BCD0096FB5F /* Build configuration list for PBXProject "HWYU" */;
			compatibilityVersion = "Xcode 15.3";
			developmentRegion = en;
			hasScannedForEncodings = 0;
			knownRegions = (
				en,
				Base,
			);
			mainGroup = C61174EF2B287BCD0096FB5F;
			packageReferences = (
				C6FB400D2B48DB68001FBA6D /* XCRemoteSwiftPackageReference "firebase-ios-sdk" */,
			);
			productRefGroup = C61174F92B287BCD0096FB5F /* Products */;
			projectDirPath = "";
			projectRoot = "";
			targets = (
				C61174F72B287BCD0096FB5F /* HWYU */,
				C6167BB82B29FBEE00A611E4 /* HWYU_WidgetExtension */,
			);
		};
/* End PBXProject section */

/* Begin PBXResourcesBuildPhase section */
		C61174F62B287BCD0096FB5F /* Resources */ = {
			isa = PBXResourcesBuildPhase;
			buildActionMask = 2147483647;
			files = (
				C6F394A42BEB729900087C4E /* GoogleService-Info.plist in Resources */,
				C61175032B287BCE0096FB5F /* Preview Assets.xcassets in Resources */,
				C61175002B287BCE0096FB5F /* Assets.xcassets in Resources */,
				C6EFA8172BE8D77500AA4686 /* SCDream4.otf in Resources */,
				C6EFA8142BE8D77500AA4686 /* SCDream1.otf in Resources */,
				C6EFA8182BE8D77500AA4686 /* SCDream5.otf in Resources */,
				C6EFA8152BE8D77500AA4686 /* SCDream2.otf in Resources */,
				C6EFA8162BE8D77500AA4686 /* SCDream3.otf in Resources */,
				C6EFA81B2BE8D77500AA4686 /* SCDream8.otf in Resources */,
				C6EFA81A2BE8D77500AA4686 /* SCDream7.otf in Resources */,
				C6EFA81C2BE8D77500AA4686 /* SCDream9.otf in Resources */,
				C6EFA8052BE8D42000AA4686 /* TAEBAEK milkyway.otf in Resources */,
				C6EFA8192BE8D77500AA4686 /* SCDream6.otf in Resources */,
			);
			runOnlyForDeploymentPostprocessing = 0;
		};
		C6167BB72B29FBEE00A611E4 /* Resources */ = {
			isa = PBXResourcesBuildPhase;
			buildActionMask = 2147483647;
			files = (
				C6167BC92B29FBF100A611E4 /* Assets.xcassets in Resources */,
				C6EFA8062BE8D42100AA4686 /* TAEBAEK milkyway.otf in Resources */,
			);
			runOnlyForDeploymentPostprocessing = 0;
		};
/* End PBXResourcesBuildPhase section */

/* Begin PBXShellScriptBuildPhase section */
		C6F394A72BEBA5D700087C4E /* ShellScript */ = {
			isa = PBXShellScriptBuildPhase;
			buildActionMask = 2147483647;
			files = (
			);
			inputFileListPaths = (
			);
			inputPaths = (
			);
			outputFileListPaths = (
			);
			outputPaths = (
			);
			runOnlyForDeploymentPostprocessing = 0;
			shellPath = /bin/bash;
			shellScript = "#!/bin/bash\n\n# Path to the build products directory\nBUILD_PRODUCTS_DIR=\"${TARGET_BUILD_DIR}\"\n\n# Correct CFBundleIdentifier and CFBundleExecutable\nfunction correctFramework() {\n    local frameworkPath=\"$1\"\n    local plistPath=\"$frameworkPath/Info.plist\"\n\n    if [ -f \"$plistPath\" ]; then\n        # Correct the CFBundleIdentifier if it contains '++'\n        local bundleID=$(/usr/libexec/PlistBuddy -c \"Print CFBundleIdentifier\" \"$plistPath\")\n        if [[ \"$bundleID\" == *\"++\"* ]]; then\n            echo \"Correcting CFBundleIdentifier in $plistPath\"\n            bundleID=\"${bundleID//++/CPP}\"\n            /usr/libexec/PlistBuddy -c \"Set :CFBundleIdentifier $bundleID\" \"$plistPath\"\n        fi\n\n        # Correct the CFBundleExecutable if it contains '++'\n        local executableName=$(/usr/libexec/PlistBuddy -c \"Print CFBundleExecutable\" \"$plistPath\")\n        if [[ \"$executableName\" == *\"++\"* ]]; then\n            echo \"Correcting CFBundleExecutable in $plistPath\"\n            executableName=\"${executableName//++/CPP}\"\n            /usr/libexec/PlistBuddy -c \"Set :CFBundleExecutable $executableName\" \"$plistPath\"\n        fi\n\n        # Ensure MinimumOSVersion is set to 9.0\n        echo \"Setting MinimumOSVersion to 9.0 in $plistPath\"\n        /usr/libexec/PlistBuddy -c \"Set :MinimumOSVersion 9.0\" \"$plistPath\"\n    else\n        echo \"Info.plist not found for $frameworkPath\"\n    fi\n}\n\n# Directories containing frameworks\ndirectories=(\"$BUILD_PRODUCTS_DIR/Frameworks\" \"$BUILD_PRODUCTS_DIR/PlugIns\")\n\n# Loop through potential directories containing frameworks\nfor dir in \"${directories[@]}\"; do\n    if [ -d \"$dir\" ]; then\n        # Loop through each framework in the directory\n        for framework in \"$dir\"/*.framework; do\n            if [ -d \"$framework\" ]; then\n                echo \"Processing $framework\"\n                correctFramework \"$framework\"\n            fi\n        done\n    fi\ndone\n";
		};
/* End PBXShellScriptBuildPhase section */

/* Begin PBXSourcesBuildPhase section */
		C61174F42B287BCD0096FB5F /* Sources */ = {
			isa = PBXSourcesBuildPhase;
			buildActionMask = 2147483647;
			files = (
				C61174FE2B287BCD0096FB5F /* ContentView.swift in Sources */,
				C69AB7132BEB019400BF3E8B /* Ment.swift in Sources */,
				C69AB7152BEB01CB00BF3E8B /* MentService.swift in Sources */,
				C61174FC2B287BCD0096FB5F /* HWYUApp.swift in Sources */,
				C6FB40222B48E866001FBA6D /* DDayView.swift in Sources */,
			);
			runOnlyForDeploymentPostprocessing = 0;
		};
		C6167BB52B29FBEE00A611E4 /* Sources */ = {
			isa = PBXSourcesBuildPhase;
			buildActionMask = 2147483647;
			files = (
				C6167BC12B29FBEF00A611E4 /* HWYU_WidgetBundle.swift in Sources */,
				C6167BC72B29FBEF00A611E4 /* AppIntent.swift in Sources */,
				C6167BC52B29FBEF00A611E4 /* HWYU_Widget.swift in Sources */,
				C6167BC32B29FBEF00A611E4 /* HWYU_WidgetLiveActivity.swift in Sources */,
			);
			runOnlyForDeploymentPostprocessing = 0;
		};
/* End PBXSourcesBuildPhase section */

/* Begin PBXTargetDependency section */
		C6167BCC2B29FBF100A611E4 /* PBXTargetDependency */ = {
			isa = PBXTargetDependency;
			target = C6167BB82B29FBEE00A611E4 /* HWYU_WidgetExtension */;
			targetProxy = C6167BCB2B29FBF100A611E4 /* PBXContainerItemProxy */;
		};
/* End PBXTargetDependency section */

/* Begin XCBuildConfiguration section */
		C61175042B287BCE0096FB5F /* Debug */ = {
			isa = XCBuildConfiguration;
			buildSettings = {
				ALWAYS_SEARCH_USER_PATHS = NO;
				ASSETCATALOG_COMPILER_GENERATE_SWIFT_ASSET_SYMBOL_EXTENSIONS = YES;
				CLANG_ANALYZER_NONNULL = YES;
				CLANG_ANALYZER_NUMBER_OBJECT_CONVERSION = YES_AGGRESSIVE;
				CLANG_CXX_LANGUAGE_STANDARD = "gnu++20";
				CLANG_ENABLE_MODULES = YES;
				CLANG_ENABLE_OBJC_ARC = YES;
				CLANG_ENABLE_OBJC_WEAK = YES;
				CLANG_WARN_BLOCK_CAPTURE_AUTORELEASING = YES;
				CLANG_WARN_BOOL_CONVERSION = YES;
				CLANG_WARN_COMMA = YES;
				CLANG_WARN_CONSTANT_CONVERSION = YES;
				CLANG_WARN_DEPRECATED_OBJC_IMPLEMENTATIONS = YES;
				CLANG_WARN_DIRECT_OBJC_ISA_USAGE = YES_ERROR;
				CLANG_WARN_DOCUMENTATION_COMMENTS = YES;
				CLANG_WARN_EMPTY_BODY = YES;
				CLANG_WARN_ENUM_CONVERSION = YES;
				CLANG_WARN_INFINITE_RECURSION = YES;
				CLANG_WARN_INT_CONVERSION = YES;
				CLANG_WARN_NON_LITERAL_NULL_CONVERSION = YES;
				CLANG_WARN_OBJC_IMPLICIT_RETAIN_SELF = YES;
				CLANG_WARN_OBJC_LITERAL_CONVERSION = YES;
				CLANG_WARN_OBJC_ROOT_CLASS = YES_ERROR;
				CLANG_WARN_QUOTED_INCLUDE_IN_FRAMEWORK_HEADER = YES;
				CLANG_WARN_RANGE_LOOP_ANALYSIS = YES;
				CLANG_WARN_STRICT_PROTOTYPES = YES;
				CLANG_WARN_SUSPICIOUS_MOVE = YES;
				CLANG_WARN_UNGUARDED_AVAILABILITY = YES_AGGRESSIVE;
				CLANG_WARN_UNREACHABLE_CODE = YES;
				CLANG_WARN__DUPLICATE_METHOD_MATCH = YES;
				COPY_PHASE_STRIP = NO;
				DEBUG_INFORMATION_FORMAT = dwarf;
				ENABLE_STRICT_OBJC_MSGSEND = YES;
				ENABLE_TESTABILITY = YES;
				ENABLE_USER_SCRIPT_SANDBOXING = YES;
				GCC_C_LANGUAGE_STANDARD = gnu17;
				GCC_DYNAMIC_NO_PIC = NO;
				GCC_NO_COMMON_BLOCKS = YES;
				GCC_OPTIMIZATION_LEVEL = 0;
				GCC_PREPROCESSOR_DEFINITIONS = (
					"DEBUG=1",
					"$(inherited)",
				);
				GCC_WARN_64_TO_32_BIT_CONVERSION = YES;
				GCC_WARN_ABOUT_RETURN_TYPE = YES_ERROR;
				GCC_WARN_UNDECLARED_SELECTOR = YES;
				GCC_WARN_UNINITIALIZED_AUTOS = YES_AGGRESSIVE;
				GCC_WARN_UNUSED_FUNCTION = YES;
				GCC_WARN_UNUSED_VARIABLE = YES;
				IPHONEOS_DEPLOYMENT_TARGET = 17.0;
				LOCALIZATION_PREFERS_STRING_CATALOGS = YES;
				MTL_ENABLE_DEBUG_INFO = INCLUDE_SOURCE;
				MTL_FAST_MATH = YES;
				ONLY_ACTIVE_ARCH = YES;
				SDKROOT = iphoneos;
				SWIFT_ACTIVE_COMPILATION_CONDITIONS = "DEBUG $(inherited)";
				SWIFT_OPTIMIZATION_LEVEL = "-Onone";
			};
			name = Debug;
		};
		C61175052B287BCE0096FB5F /* Release */ = {
			isa = XCBuildConfiguration;
			buildSettings = {
				ALWAYS_SEARCH_USER_PATHS = NO;
				ASSETCATALOG_COMPILER_GENERATE_SWIFT_ASSET_SYMBOL_EXTENSIONS = YES;
				CLANG_ANALYZER_NONNULL = YES;
				CLANG_ANALYZER_NUMBER_OBJECT_CONVERSION = YES_AGGRESSIVE;
				CLANG_CXX_LANGUAGE_STANDARD = "gnu++20";
				CLANG_ENABLE_MODULES = YES;
				CLANG_ENABLE_OBJC_ARC = YES;
				CLANG_ENABLE_OBJC_WEAK = YES;
				CLANG_WARN_BLOCK_CAPTURE_AUTORELEASING = YES;
				CLANG_WARN_BOOL_CONVERSION = YES;
				CLANG_WARN_COMMA = YES;
				CLANG_WARN_CONSTANT_CONVERSION = YES;
				CLANG_WARN_DEPRECATED_OBJC_IMPLEMENTATIONS = YES;
				CLANG_WARN_DIRECT_OBJC_ISA_USAGE = YES_ERROR;
				CLANG_WARN_DOCUMENTATION_COMMENTS = YES;
				CLANG_WARN_EMPTY_BODY = YES;
				CLANG_WARN_ENUM_CONVERSION = YES;
				CLANG_WARN_INFINITE_RECURSION = YES;
				CLANG_WARN_INT_CONVERSION = YES;
				CLANG_WARN_NON_LITERAL_NULL_CONVERSION = YES;
				CLANG_WARN_OBJC_IMPLICIT_RETAIN_SELF = YES;
				CLANG_WARN_OBJC_LITERAL_CONVERSION = YES;
				CLANG_WARN_OBJC_ROOT_CLASS = YES_ERROR;
				CLANG_WARN_QUOTED_INCLUDE_IN_FRAMEWORK_HEADER = YES;
				CLANG_WARN_RANGE_LOOP_ANALYSIS = YES;
				CLANG_WARN_STRICT_PROTOTYPES = YES;
				CLANG_WARN_SUSPICIOUS_MOVE = YES;
				CLANG_WARN_UNGUARDED_AVAILABILITY = YES_AGGRESSIVE;
				CLANG_WARN_UNREACHABLE_CODE = YES;
				CLANG_WARN__DUPLICATE_METHOD_MATCH = YES;
				COPY_PHASE_STRIP = NO;
				DEBUG_INFORMATION_FORMAT = "dwarf-with-dsym";
				ENABLE_NS_ASSERTIONS = NO;
				ENABLE_STRICT_OBJC_MSGSEND = YES;
				ENABLE_USER_SCRIPT_SANDBOXING = YES;
				GCC_C_LANGUAGE_STANDARD = gnu17;
				GCC_NO_COMMON_BLOCKS = YES;
				GCC_WARN_64_TO_32_BIT_CONVERSION = YES;
				GCC_WARN_ABOUT_RETURN_TYPE = YES_ERROR;
				GCC_WARN_UNDECLARED_SELECTOR = YES;
				GCC_WARN_UNINITIALIZED_AUTOS = YES_AGGRESSIVE;
				GCC_WARN_UNUSED_FUNCTION = YES;
				GCC_WARN_UNUSED_VARIABLE = YES;
				IPHONEOS_DEPLOYMENT_TARGET = 17.0;
				LOCALIZATION_PREFERS_STRING_CATALOGS = YES;
				MTL_ENABLE_DEBUG_INFO = NO;
				MTL_FAST_MATH = YES;
				SDKROOT = iphoneos;
				SWIFT_COMPILATION_MODE = wholemodule;
				VALIDATE_PRODUCT = YES;
			};
			name = Release;
		};
		C61175072B287BCE0096FB5F /* Debug */ = {
			isa = XCBuildConfiguration;
			buildSettings = {
				ALWAYS_EMBED_SWIFT_STANDARD_LIBRARIES = YES;
				ASSETCATALOG_COMPILER_APPICON_NAME = AppIcon;
				ASSETCATALOG_COMPILER_GLOBAL_ACCENT_COLOR_NAME = AccentColor;
				ASSETCATALOG_COMPILER_INCLUDE_ALL_APPICON_ASSETS = YES;
				"CODE_SIGN_IDENTITY[sdk=iphoneos*]" = "iPhone Developer";
				CODE_SIGN_STYLE = Manual;
				CURRENT_PROJECT_VERSION = 1;
				DEVELOPMENT_ASSET_PATHS = "\"HWYU/Preview Content\"";
				DEVELOPMENT_TEAM = "";
				"DEVELOPMENT_TEAM[sdk=iphoneos*]" = 285ZKW5MPR;
				ENABLE_PREVIEWS = YES;
				GENERATE_INFOPLIST_FILE = YES;
				INFOPLIST_FILE = HWYU/Info.plist;
				INFOPLIST_KEY_CFBundleDisplayName = "혜원이융의";
				INFOPLIST_KEY_UIApplicationSceneManifest_Generation = YES;
				INFOPLIST_KEY_UIApplicationSupportsIndirectInputEvents = YES;
				INFOPLIST_KEY_UILaunchScreen_Generation = YES;
				INFOPLIST_KEY_UIStatusBarStyle = "";
				INFOPLIST_KEY_UISupportedInterfaceOrientations = UIInterfaceOrientationPortrait;
				INFOPLIST_KEY_UISupportedInterfaceOrientations_iPad = "UIInterfaceOrientationLandscapeLeft UIInterfaceOrientationLandscapeRight UIInterfaceOrientationPortrait UIInterfaceOrientationPortraitUpsideDown";
				IPHONEOS_DEPLOYMENT_TARGET = 16.4;
				LD_RUNPATH_SEARCH_PATHS = (
					"$(inherited)",
					"@executable_path/Frameworks",
				);
				MARKETING_VERSION = 1.0;
				PRODUCT_BUNDLE_IDENTIFIER = com.iyungui.HYE;
				PRODUCT_NAME = "$(TARGET_NAME)";
				PROVISIONING_PROFILE_SPECIFIER = "";
				"PROVISIONING_PROFILE_SPECIFIER[sdk=iphoneos*]" = HYE;
				SUPPORTED_PLATFORMS = "iphoneos iphonesimulator";
				SUPPORTS_MACCATALYST = NO;
				SWIFT_EMIT_LOC_STRINGS = YES;
				SWIFT_VERSION = 5.0;
				TARGETED_DEVICE_FAMILY = 1;
			};
			name = Debug;
		};
		C61175082B287BCE0096FB5F /* Release */ = {
			isa = XCBuildConfiguration;
			buildSettings = {
				ALWAYS_EMBED_SWIFT_STANDARD_LIBRARIES = YES;
				ASSETCATALOG_COMPILER_APPICON_NAME = AppIcon;
				ASSETCATALOG_COMPILER_GLOBAL_ACCENT_COLOR_NAME = AccentColor;
				ASSETCATALOG_COMPILER_INCLUDE_ALL_APPICON_ASSETS = YES;
				"CODE_SIGN_IDENTITY[sdk=iphoneos*]" = "iPhone Distribution";
				CODE_SIGN_STYLE = Manual;
				CURRENT_PROJECT_VERSION = 1;
				DEVELOPMENT_ASSET_PATHS = "\"HWYU/Preview Content\"";
				DEVELOPMENT_TEAM = "";
				"DEVELOPMENT_TEAM[sdk=iphoneos*]" = 285ZKW5MPR;
				ENABLE_PREVIEWS = YES;
				GENERATE_INFOPLIST_FILE = YES;
				INFOPLIST_FILE = HWYU/Info.plist;
				INFOPLIST_KEY_CFBundleDisplayName = "혜원이융의";
				INFOPLIST_KEY_UIApplicationSceneManifest_Generation = YES;
				INFOPLIST_KEY_UIApplicationSupportsIndirectInputEvents = YES;
				INFOPLIST_KEY_UILaunchScreen_Generation = YES;
				INFOPLIST_KEY_UIStatusBarStyle = "";
				INFOPLIST_KEY_UISupportedInterfaceOrientations = UIInterfaceOrientationPortrait;
				INFOPLIST_KEY_UISupportedInterfaceOrientations_iPad = "UIInterfaceOrientationLandscapeLeft UIInterfaceOrientationLandscapeRight UIInterfaceOrientationPortrait UIInterfaceOrientationPortraitUpsideDown";
				IPHONEOS_DEPLOYMENT_TARGET = 16.4;
				LD_RUNPATH_SEARCH_PATHS = (
					"$(inherited)",
					"@executable_path/Frameworks",
				);
				MARKETING_VERSION = 1.0;
				PRODUCT_BUNDLE_IDENTIFIER = com.iyungui.HYE;
				PRODUCT_NAME = "$(TARGET_NAME)";
				PROVISIONING_PROFILE_SPECIFIER = "";
				"PROVISIONING_PROFILE_SPECIFIER[sdk=iphoneos*]" = HYE_adhoc;
				SUPPORTED_PLATFORMS = "iphoneos iphonesimulator";
				SUPPORTS_MACCATALYST = NO;
				SWIFT_EMIT_LOC_STRINGS = YES;
				SWIFT_VERSION = 5.0;
				TARGETED_DEVICE_FAMILY = 1;
			};
			name = Release;
		};
		C6167BCF2B29FBF100A611E4 /* Debug */ = {
			isa = XCBuildConfiguration;
			buildSettings = {
				ASSETCATALOG_COMPILER_GLOBAL_ACCENT_COLOR_NAME = AccentColor;
				ASSETCATALOG_COMPILER_WIDGET_BACKGROUND_COLOR_NAME = WidgetBackground;
				"CODE_SIGN_IDENTITY[sdk=iphoneos*]" = "iPhone Developer";
				CODE_SIGN_STYLE = Manual;
				CURRENT_PROJECT_VERSION = 1;
				DEVELOPMENT_TEAM = "";
				"DEVELOPMENT_TEAM[sdk=iphoneos*]" = 285ZKW5MPR;
				GENERATE_INFOPLIST_FILE = YES;
				INFOPLIST_FILE = HWYU_Widget/Info.plist;
				INFOPLIST_KEY_CFBundleDisplayName = HWYU_Widget;
				INFOPLIST_KEY_NSHumanReadableCopyright = "";
				LD_RUNPATH_SEARCH_PATHS = (
					"$(inherited)",
					"@executable_path/Frameworks",
					"@executable_path/../../Frameworks",
				);
				MARKETING_VERSION = 1.0;
				PRODUCT_BUNDLE_IDENTIFIER = com.iyungui.HYE.WidgetExtension;
				PRODUCT_NAME = "$(TARGET_NAME)";
				PROVISIONING_PROFILE_SPECIFIER = "";
				"PROVISIONING_PROFILE_SPECIFIER[sdk=iphoneos*]" = "HWYU Widget Extension";
				SKIP_INSTALL = YES;
				SWIFT_EMIT_LOC_STRINGS = YES;
				SWIFT_VERSION = 5.0;
				TARGETED_DEVICE_FAMILY = "1,2";
			};
			name = Debug;
		};
		C6167BD02B29FBF100A611E4 /* Release */ = {
			isa = XCBuildConfiguration;
			buildSettings = {
				ASSETCATALOG_COMPILER_GLOBAL_ACCENT_COLOR_NAME = AccentColor;
				ASSETCATALOG_COMPILER_WIDGET_BACKGROUND_COLOR_NAME = WidgetBackground;
				"CODE_SIGN_IDENTITY[sdk=iphoneos*]" = "iPhone Distribution";
				CODE_SIGN_STYLE = Manual;
				CURRENT_PROJECT_VERSION = 1;
				DEVELOPMENT_TEAM = "";
				"DEVELOPMENT_TEAM[sdk=iphoneos*]" = 285ZKW5MPR;
				GENERATE_INFOPLIST_FILE = YES;
				INFOPLIST_FILE = HWYU_Widget/Info.plist;
				INFOPLIST_KEY_CFBundleDisplayName = HWYU_Widget;
				INFOPLIST_KEY_NSHumanReadableCopyright = "";
				LD_RUNPATH_SEARCH_PATHS = (
					"$(inherited)",
					"@executable_path/Frameworks",
					"@executable_path/../../Frameworks",
				);
				MARKETING_VERSION = 1.0;
				PRODUCT_BUNDLE_IDENTIFIER = com.iyungui.HYE.WidgetExtension;
				PRODUCT_NAME = "$(TARGET_NAME)";
				PROVISIONING_PROFILE_SPECIFIER = "";
				"PROVISIONING_PROFILE_SPECIFIER[sdk=iphoneos*]" = "HWYU Widget Extension_adhoc";
				SKIP_INSTALL = YES;
				SWIFT_EMIT_LOC_STRINGS = YES;
				SWIFT_VERSION = 5.0;
				TARGETED_DEVICE_FAMILY = "1,2";
			};
			name = Release;
		};
/* End XCBuildConfiguration section */

/* Begin XCConfigurationList section */
		C61174F32B287BCD0096FB5F /* Build configuration list for PBXProject "HWYU" */ = {
			isa = XCConfigurationList;
			buildConfigurations = (
				C61175042B287BCE0096FB5F /* Debug */,
				C61175052B287BCE0096FB5F /* Release */,
			);
			defaultConfigurationIsVisible = 0;
			defaultConfigurationName = Release;
		};
		C61175062B287BCE0096FB5F /* Build configuration list for PBXNativeTarget "HWYU" */ = {
			isa = XCConfigurationList;
			buildConfigurations = (
				C61175072B287BCE0096FB5F /* Debug */,
				C61175082B287BCE0096FB5F /* Release */,
			);
			defaultConfigurationIsVisible = 0;
			defaultConfigurationName = Release;
		};
		C6167BD12B29FBF100A611E4 /* Build configuration list for PBXNativeTarget "HWYU_WidgetExtension" */ = {
			isa = XCConfigurationList;
			buildConfigurations = (
				C6167BCF2B29FBF100A611E4 /* Debug */,
				C6167BD02B29FBF100A611E4 /* Release */,
			);
			defaultConfigurationIsVisible = 0;
			defaultConfigurationName = Release;
		};
/* End XCConfigurationList section */

/* Begin XCRemoteSwiftPackageReference section */
		C6FB400D2B48DB68001FBA6D /* XCRemoteSwiftPackageReference "firebase-ios-sdk" */ = {
			isa = XCRemoteSwiftPackageReference;
			repositoryURL = "https://github.com/firebase/firebase-ios-sdk";
			requirement = {
				kind = upToNextMajorVersion;
				minimumVersion = 10.19.1;
			};
		};
/* End XCRemoteSwiftPackageReference section */

/* Begin XCSwiftPackageProductDependency section */
		C6FB401A2B48E40A001FBA6D /* FirebaseDatabase */ = {
			isa = XCSwiftPackageProductDependency;
			package = C6FB400D2B48DB68001FBA6D /* XCRemoteSwiftPackageReference "firebase-ios-sdk" */;
			productName = FirebaseDatabase;
		};
		C6FB401C2B48E40A001FBA6D /* FirebaseFirestore */ = {
			isa = XCSwiftPackageProductDependency;
			package = C6FB400D2B48DB68001FBA6D /* XCRemoteSwiftPackageReference "firebase-ios-sdk" */;
			productName = FirebaseFirestore;
		};
		C6FB40252B490710001FBA6D /* FirebaseFunctions */ = {
			isa = XCSwiftPackageProductDependency;
			package = C6FB400D2B48DB68001FBA6D /* XCRemoteSwiftPackageReference "firebase-ios-sdk" */;
			productName = FirebaseFunctions;
		};
/* End XCSwiftPackageProductDependency section */
	};
	rootObject = C61174F02B287BCD0096FB5F /* Project object */;
}
